PODS:
  - Alamofire (5.0.0-beta.6)
  - CSV.swift (2.3.1)
  - GoogleMaps (3.1.0):
    - GoogleMaps/Maps (= 3.1.0)
  - GoogleMaps/Base (3.1.0)
  - GoogleMaps/Maps (3.1.0):
    - GoogleMaps/Base
  - GooglePlaces (3.1.0):
    - GoogleMaps/Base (= 3.1.0)
  - Kanna (4.0.3)
  - SDWebImage (3.8.2):
    - SDWebImage/Core (= 3.8.2)
  - SDWebImage/Core (3.8.2)

DEPENDENCIES:
  - Alamofire (~> 5.0.0-beta.5)
  - CSV.swift (~> 2.3.1)
  - GoogleMaps
  - GooglePlaces
  - Kanna (~> 4.0.0)
  - SDWebImage (~> 3.8)

SPEC REPOS:
  https://github.com/cocoapods/specs.git:
    - Alamofire
    - CSV.swift
    - GoogleMaps
    - GooglePlaces
    - Kanna
    - SDWebImage

SPEC CHECKSUMS:
  Alamofire: cd08a4402bd12cacd0c66f23fb12fec8d6b965e4
  CSV.swift: d16f671b3090a2c0525d5f2165b18319074aae2b
  GoogleMaps: 5c13302e6fe6bb6e686b267196586b91cd594225
  GooglePlaces: e874db179f2675c4f3eeda0b686b540273a578b0
  Kanna: 0ebbdd0e7e3308f0aafbd569e79c8cadc5eb877c
  SDWebImage: 098e97e6176540799c27e804c96653ee0833d13c

PODFILE CHECKSUM: b9a213da8664d71896ffc91ff44d4adbfc92dbfb

COCOAPODS: 1.6.1
